PODS:
  - SGLocationUtil (0.1.0)
  - SGTileLayer (0.0.1)

DEPENDENCIES:
  - SGLocationUtil (from `../SGLocationUtil.podspec`)
  - SGTileLayer

EXTERNAL SOURCES:
  SGLocationUtil:
    :path: ../SGLocationUtil.podspec

SPEC CHECKSUMS:
  SGLocationUtil: 24139003a7f3a4044f46d7b973e8d2eb38225cab
  SGTileLayer: 733caf9ffc1d952e5e62030b04ba5c0d5576e7e8

PODFILE CHECKSUM: df65bcb6291a660a82ffa106ec6fdc408c9b4312

COCOAPODS: 1.0.1
